
Microsoft Visual Studio Solution File, Format Version 12.00
# Visual Studio Version 17
VisualStudioVersion = 17.0.32014.148
MinimumVisualStudioVersion = 10.0.40219.1
Project("{9A19103F-16F7-4668-BE54-9A1E7A4F7556}") = "MyaVTuber-Site-CMS", "MyaVTuber-Site-CMS\MyaVTuber-Site-CMS.csproj", "{7287991C-6BA5-4C09-A3CD-BD7B23E278A5}"
EndProject
Global
	GlobalSection(SolutionConfigurationPlatforms) = preSolution
		Debug|Any CPU = Debug|Any CPU
		Release|Any CPU = Release|Any CPU
	EndGlobalSection
	GlobalSection(ProjectConfigurationPlatforms) = postSolution
		{7287991C-6BA5-4C09-A3CD-BD7B23E278A5}.Debug|Any CPU.ActiveCfg = Debug|Any CPU
		{7287991C-6BA5-4C09-A3CD-BD7B23E278A5}.Debug|Any CPU.Build.0 = Debug|Any CPU
		{7287991C-6BA5-4C09-A3CD-BD7B23E278A5}.Release|Any CPU.ActiveCfg = Release|Any CPU
		{7287991C-6BA5-4C09-A3CD-BD7B23E278A5}.Release|Any CPU.Build.0 = Release|Any CPU
	EndGlobalSection
	GlobalSection(SolutionProperties) = preSolution
		HideSolutionNode = FALSE
	EndGlobalSection
	GlobalSection(ExtensibilityGlobals) = postSolution
		SolutionGuid = {B531DDF5-AC89-4718-83A5-A5EC272513E1}
	EndGlobalSection
EndGlobal
